{
    "name": "easy-otp-web",
    "lockfileVersion": 3,
    "requires": true,
    "packages": {
        "": {
            "name": "easy-otp-web",
            "devDependencies": {
                "skrapa": "0.7.1"
            },
            "engines": {
                "node": ">=24"
            }
        },
        "node_modules/skrapa": {
            "version": "0.7.1",
            "resolved": "https://registry.npmjs.org/skrapa/-/skrapa-0.7.1.tgz",
            "integrity": "sha512-waf+y597tEVds7dsq4WZUneMkgM90XUqwPZfkp5N2RRRcfN5n5OAd2/JNHypyXRcddvXipu7DSfxGH1wcn/Giw==",
            "dev": true,
            "license": "MIT",
            "bin": {
                "skrapa": "bin/index.js"
            },
            "engines": {
                "node": ">=24"
            }
        }
    }
}
